
Microsoft Visual Studio Solution File, Format Version 12.00
# Visual Studio Version 16
VisualStudioVersion = 16.0.30225.117
MinimumVisualStudioVersion = 10.0.40219.1
Project("{9A19103F-16F7-4668-BE54-9A1E7A4F7556}") = "MonkeyBot", "MonkeyBot\MonkeyBot.csproj", "{7FD0A412-D6BF-405B-A6BA-2960CC389FFF}"
EndProject
Project("{9A19103F-16F7-4668-BE54-9A1E7A4F7556}") = "Pixeez2", "Pixeez2\Pixeez2.csproj", "{83532A2B-5007-42DA-9480-D46D4B99C462}"
EndProject
Global
	GlobalSection(SolutionConfigurationPlatforms) = preSolution
		Debug|Any CPU = Debug|Any CPU
		Release|Any CPU = Release|Any CPU
	EndGlobalSection
	GlobalSection(ProjectConfigurationPlatforms) = postSolution
		{7FD0A412-D6BF-405B-A6BA-2960CC389FFF}.Debug|Any CPU.ActiveCfg = Debug|Any CPU
		{7FD0A412-D6BF-405B-A6BA-2960CC389FFF}.Debug|Any CPU.Build.0 = Debug|Any CPU
		{7FD0A412-D6BF-405B-A6BA-2960CC389FFF}.Release|Any CPU.ActiveCfg = Release|Any CPU
		{7FD0A412-D6BF-405B-A6BA-2960CC389FFF}.Release|Any CPU.Build.0 = Release|Any CPU
		{83532A2B-5007-42DA-9480-D46D4B99C462}.Debug|Any CPU.ActiveCfg = Debug|Any CPU
		{83532A2B-5007-42DA-9480-D46D4B99C462}.Debug|Any CPU.Build.0 = Debug|Any CPU
		{83532A2B-5007-42DA-9480-D46D4B99C462}.Release|Any CPU.ActiveCfg = Release|Any CPU
		{83532A2B-5007-42DA-9480-D46D4B99C462}.Release|Any CPU.Build.0 = Release|Any CPU
	EndGlobalSection
	GlobalSection(SolutionProperties) = preSolution
		HideSolutionNode = FALSE
	EndGlobalSection
	GlobalSection(ExtensibilityGlobals) = postSolution
		SolutionGuid = {1FE86893-2667-4A82-B2AC-D9B4F156DE79}
	EndGlobalSection
EndGlobal
